// !$*UTF8*$!
{
	archiveVersion = 1;
	classes = {
	};
	objectVersion = 46;
	objects = {

/* Begin PBXBuildFile section */
		18DD5F681AC4F9EC00C620F6 /* TheatersTableViewController.m in Sources */ = {isa = PBXBuildFile; fileRef = 18DD5F671AC4F9EC00C620F6 /* TheatersTableViewController.m */; };
		18DD5F6E1AC4FB9500C620F6 /* TheatersDataSource.m in Sources */ = {isa = PBXBuildFile; fileRef = 18DD5F6D1AC4FB9500C620F6 /* TheatersDataSource.m */; };
		18DD5F711AC4FBC600C620F6 /* Theater.m in Sources */ = {isa = PBXBuildFile; fileRef = 18DD5F701AC4FBC600C620F6 /* Theater.m */; };
		18DD5F741AC6267500C620F6 /* MoviesAtTheater.m in Sources */ = {isa = PBXBuildFile; fileRef = 18DD5F731AC6267500C620F6 /* MoviesAtTheater.m */; };
		3E736B8018C8EF070054D01E /* Foundation.framework in Frameworks */ = {isa = PBXBuildFile; fileRef = 3E736B7F18C8EF070054D01E /* Foundation.framework */; };
		3E736B8218C8EF070054D01E /* CoreGraphics.framework in Frameworks */ = {isa = PBXBuildFile; fileRef = 3E736B8118C8EF070054D01E /* CoreGraphics.framework */; };
		3E736B8418C8EF070054D01E /* UIKit.framework in Frameworks */ = {isa = PBXBuildFile; fileRef = 3E736B8318C8EF070054D01E /* UIKit.framework */; };
		3E736B8A18C8EF070054D01E /* InfoPlist.strings in Resources */ = {isa = PBXBuildFile; fileRef = 3E736B8818C8EF070054D01E /* InfoPlist.strings */; };
		3E736B8C18C8EF070054D01E /* main.m in Sources */ = {isa = PBXBuildFile; fileRef = 3E736B8B18C8EF070054D01E /* main.m */; };
		3E736B9018C8EF070054D01E /* AppDelegate.m in Sources */ = {isa = PBXBuildFile; fileRef = 3E736B8F18C8EF070054D01E /* AppDelegate.m */; };
		3E736B9318C8EF070054D01E /* Main.storyboard in Resources */ = {isa = PBXBuildFile; fileRef = 3E736B9118C8EF070054D01E /* Main.storyboard */; };
		3E736B9618C8EF070054D01E /* ViewController.m in Sources */ = {isa = PBXBuildFile; fileRef = 3E736B9518C8EF070054D01E /* ViewController.m */; };
		3E736B9818C8EF070054D01E /* Images.xcassets in Resources */ = {isa = PBXBuildFile; fileRef = 3E736B9718C8EF070054D01E /* Images.xcassets */; };
		3E736B9F18C8EF070054D01E /* XCTest.framework in Frameworks */ = {isa = PBXBuildFile; fileRef = 3E736B9E18C8EF070054D01E /* XCTest.framework */; };
		3E736BA018C8EF070054D01E /* Foundation.framework in Frameworks */ = {isa = PBXBuildFile; fileRef = 3E736B7F18C8EF070054D01E /* Foundation.framework */; };
		3E736BA118C8EF070054D01E /* UIKit.framework in Frameworks */ = {isa = PBXBuildFile; fileRef = 3E736B8318C8EF070054D01E /* UIKit.framework */; };
		3E736BA918C8EF070054D01E /* InfoPlist.strings in Resources */ = {isa = PBXBuildFile; fileRef = 3E736BA718C8EF070054D01E /* InfoPlist.strings */; };
		3E736BAB18C8EF070054D01E /* TableViewBeyondBasicsTests.m in Sources */ = {isa = PBXBuildFile; fileRef = 3E736BAA18C8EF070054D01E /* TableViewBeyondBasicsTests.m */; };
		3E736BB618C8EF600054D01E /* MoviesDataSource.m in Sources */ = {isa = PBXBuildFile; fileRef = 3E736BB518C8EF600054D01E /* MoviesDataSource.m */; };
		3E736BBD18C8EF760054D01E /* Movie.m in Sources */ = {isa = PBXBuildFile; fileRef = 3E736BB818C8EF760054D01E /* Movie.m */; };
		3E736BBE18C8EF760054D01E /* DownloadAssistant.m in Sources */ = {isa = PBXBuildFile; fileRef = 3E736BB918C8EF760054D01E /* DownloadAssistant.m */; };
		3E736BBF18C8EF760054D01E /* MoviesTableViewController.m in Sources */ = {isa = PBXBuildFile; fileRef = 3E736BBC18C8EF760054D01E /* MoviesTableViewController.m */; };
/* End PBXBuildFile section */

/* Begin PBXContainerItemProxy section */
		3E736BA218C8EF070054D01E /* PBXContainerItemProxy */ = {
			isa = PBXContainerItemProxy;
			containerPortal = 3E736B7418C8EF070054D01E /* Project object */;
			proxyType = 1;
			remoteGlobalIDString = 3E736B7B18C8EF070054D01E;
			remoteInfo = TableViewBeyondBasics;
		};
/* End PBXContainerItemProxy section */

/* Begin PBXFileReference section */
		18DD5F661AC4F9EC00C620F6 /* TheatersTableViewController.h */ = {isa = PBXFileReference; fileEncoding = 4; lastKnownFileType = sourcecode.c.h; path = TheatersTableViewController.h; sourceTree = "<group>"; };
		18DD5F671AC4F9EC00C620F6 /* TheatersTableViewController.m */ = {isa = PBXFileReference; fileEncoding = 4; lastKnownFileType = sourcecode.c.objc; path = TheatersTableViewController.m; sourceTree = "<group>"; };
		18DD5F6C1AC4FB9500C620F6 /* TheatersDataSource.h */ = {isa = PBXFileReference; fileEncoding = 4; lastKnownFileType = sourcecode.c.h; path = TheatersDataSource.h; sourceTree = "<group>"; };
		18DD5F6D1AC4FB9500C620F6 /* TheatersDataSource.m */ = {isa = PBXFileReference; fileEncoding = 4; lastKnownFileType = sourcecode.c.objc; path = TheatersDataSource.m; sourceTree = "<group>"; };
		18DD5F6F1AC4FBC600C620F6 /* Theater.h */ = {isa = PBXFileReference; fileEncoding = 4; lastKnownFileType = sourcecode.c.h; path = Theater.h; sourceTree = "<group>"; };
		18DD5F701AC4FBC600C620F6 /* Theater.m */ = {isa = PBXFileReference; fileEncoding = 4; lastKnownFileType = sourcecode.c.objc; path = Theater.m; sourceTree = "<group>"; };
		18DD5F721AC6267500C620F6 /* MoviesAtTheater.h */ = {isa = PBXFileReference; fileEncoding = 4; lastKnownFileType = sourcecode.c.h; path = MoviesAtTheater.h; sourceTree = "<group>"; };
		18DD5F731AC6267500C620F6 /* MoviesAtTheater.m */ = {isa = PBXFileReference; fileEncoding = 4; lastKnownFileType = sourcecode.c.objc; path = MoviesAtTheater.m; sourceTree = "<group>"; };
		3E736B7C18C8EF070054D01E /* TableViewBeyondBasics.app */ = {isa = PBXFileReference; explicitFileType = wrapper.application; includeInIndex = 0; path = TableViewBeyondBasics.app; sourceTree = BUILT_PRODUCTS_DIR; };
		3E736B7F18C8EF070054D01E /* Foundation.framework */ = {isa = PBXFileReference; lastKnownFileType = wrapper.framework; name = Foundation.framework; path = System/Library/Frameworks/Foundation.framework; sourceTree = SDKROOT; };
		3E736B8118C8EF070054D01E /* CoreGraphics.framework */ = {isa = PBXFileReference; lastKnownFileType = wrapper.framework; name = CoreGraphics.framework; path = System/Library/Frameworks/CoreGraphics.framework; sourceTree = SDKROOT; };
		3E736B8318C8EF070054D01E /* UIKit.framework */ = {isa = PBXFileReference; lastKnownFileType = wrapper.framework; name = UIKit.framework; path = System/Library/Frameworks/UIKit.framework; sourceTree = SDKROOT; };
		3E736B8718C8EF070054D01E /* TableViewBeyondBasics-Info.plist */ = {isa = PBXFileReference; lastKnownFileType = text.plist.xml; path = "TableViewBeyondBasics-Info.plist"; sourceTree = "<group>"; };
		3E736B8918C8EF070054D01E /* en */ = {isa = PBXFileReference; lastKnownFileType = text.plist.strings; name = en; path = en.lproj/InfoPlist.strings; sourceTree = "<group>"; };
		3E736B8B18C8EF070054D01E /* main.m */ = {isa = PBXFileReference; lastKnownFileType = sourcecode.c.objc; path = main.m; sourceTree = "<group>"; };
		3E736B8D18C8EF070054D01E /* TableViewBeyondBasics-Prefix.pch */ = {isa = PBXFileReference; lastKnownFileType = sourcecode.c.h; path = "TableViewBeyondBasics-Prefix.pch"; sourceTree = "<group>"; };
		3E736B8E18C8EF070054D01E /* AppDelegate.h */ = {isa = PBXFileReference; lastKnownFileType = sourcecode.c.h; path = AppDelegate.h; sourceTree = "<group>"; };
		3E736B8F18C8EF070054D01E /* AppDelegate.m */ = {isa = PBXFileReference; lastKnownFileType = sourcecode.c.objc; path = AppDelegate.m; sourceTree = "<group>"; };
		3E736B9218C8EF070054D01E /* Base */ = {isa = PBXFileReference; lastKnownFileType = file.storyboard; name = Base; path = Base.lproj/Main.storyboard; sourceTree = "<group>"; };
		3E736B9418C8EF070054D01E /* ViewController.h */ = {isa = PBXFileReference; lastKnownFileType = sourcecode.c.h; path = ViewController.h; sourceTree = "<group>"; };
		3E736B9518C8EF070054D01E /* ViewController.m */ = {isa = PBXFileReference; lastKnownFileType = sourcecode.c.objc; path = ViewController.m; sourceTree = "<group>"; };
		3E736B9718C8EF070054D01E /* Images.xcassets */ = {isa = PBXFileReference; lastKnownFileType = folder.assetcatalog; path = Images.xcassets; sourceTree = "<group>"; };
		3E736B9D18C8EF070054D01E /* TableViewBeyondBasicsTests.xctest */ = {isa = PBXFileReference; explicitFileType = wrapper.cfbundle; includeInIndex = 0; path = TableViewBeyondBasicsTests.xctest; sourceTree = BUILT_PRODUCTS_DIR; };
		3E736B9E18C8EF070054D01E /* XCTest.framework */ = {isa = PBXFileReference; lastKnownFileType = wrapper.framework; name = XCTest.framework; path = Library/Frameworks/XCTest.framework; sourceTree = DEVELOPER_DIR; };
		3E736BA618C8EF070054D01E /* TableViewBeyondBasicsTests-Info.plist */ = {isa = PBXFileReference; lastKnownFileType = text.plist.xml; path = "TableViewBeyondBasicsTests-Info.plist"; sourceTree = "<group>"; };
		3E736BA818C8EF070054D01E /* en */ = {isa = PBXFileReference; lastKnownFileType = text.plist.strings; name = en; path = en.lproj/InfoPlist.strings; sourceTree = "<group>"; };
		3E736BAA18C8EF070054D01E /* TableViewBeyondBasicsTests.m */ = {isa = PBXFileReference; lastKnownFileType = sourcecode.c.objc; path = TableViewBeyondBasicsTests.m; sourceTree = "<group>"; };
		3E736BB418C8EF600054D01E /* MoviesDataSource.h */ = {isa = PBXFileReference; fileEncoding = 4; lastKnownFileType = sourcecode.c.h; path = MoviesDataSource.h; sourceTree = "<group>"; };
		3E736BB518C8EF600054D01E /* MoviesDataSource.m */ = {isa = PBXFileReference; fileEncoding = 4; lastKnownFileType = sourcecode.c.objc; path = MoviesDataSource.m; sourceTree = "<group>"; };
		3E736BB718C8EF760054D01E /* Movie.h */ = {isa = PBXFileReference; fileEncoding = 4; lastKnownFileType = sourcecode.c.h; path = Movie.h; sourceTree = "<group>"; };
		3E736BB818C8EF760054D01E /* Movie.m */ = {isa = PBXFileReference; fileEncoding = 4; lastKnownFileType = sourcecode.c.objc; path = Movie.m; sourceTree = "<group>"; };
		3E736BB918C8EF760054D01E /* DownloadAssistant.m */ = {isa = PBXFileReference; fileEncoding = 4; lastKnownFileType = sourcecode.c.objc; path = DownloadAssistant.m; sourceTree = "<group>"; };
		3E736BBA18C8EF760054D01E /* DownloadAssistant.h */ = {isa = PBXFileReference; fileEncoding = 4; lastKnownFileType = sourcecode.c.h; path = DownloadAssistant.h; sourceTree = "<group>"; };
		3E736BBB18C8EF760054D01E /* MoviesTableViewController.h */ = {isa = PBXFileReference; fileEncoding = 4; lastKnownFileType = sourcecode.c.h; path = MoviesTableViewController.h; sourceTree = "<group>"; };
		3E736BBC18C8EF760054D01E /* MoviesTableViewController.m */ = {isa = PBXFileReference; fileEncoding = 4; lastKnownFileType = sourcecode.c.objc; path = MoviesTableViewController.m; sourceTree = "<group>"; };
/* End PBXFileReference section */

/* Begin PBXFrameworksBuildPhase section */
		3E736B7918C8EF070054D01E /* Frameworks */ = {
			isa = PBXFrameworksBuildPhase;
			buildActionMask = 2147483647;
			files = (
				3E736B8218C8EF070054D01E /* CoreGraphics.framework in Frameworks */,
				3E736B8418C8EF070054D01E /* UIKit.framework in Frameworks */,
				3E736B8018C8EF070054D01E /* Foundation.framework in Frameworks */,
			);
			runOnlyForDeploymentPostprocessing = 0;
		};
		3E736B9A18C8EF070054D01E /* Frameworks */ = {
			isa = PBXFrameworksBuildPhase;
			buildActionMask = 2147483647;
			files = (
				3E736B9F18C8EF070054D01E /* XCTest.framework in Frameworks */,
				3E736BA118C8EF070054D01E /* UIKit.framework in Frameworks */,
				3E736BA018C8EF070054D01E /* Foundation.framework in Frameworks */,
			);
			runOnlyForDeploymentPostprocessing = 0;
		};
/* End PBXFrameworksBuildPhase section */

/* Begin PBXGroup section */
		3E736B7318C8EF070054D01E = {
			isa = PBXGroup;
			children = (
				3E736B8518C8EF070054D01E /* TableViewBeyondBasics */,
				3E736BA418C8EF070054D01E /* TableViewBeyondBasicsTests */,
				3E736B7E18C8EF070054D01E /* Frameworks */,
				3E736B7D18C8EF070054D01E /* Products */,
			);
			sourceTree = "<group>";
		};
		3E736B7D18C8EF070054D01E /* Products */ = {
			isa = PBXGroup;
			children = (
				3E736B7C18C8EF070054D01E /* TableViewBeyondBasics.app */,
				3E736B9D18C8EF070054D01E /* TableViewBeyondBasicsTests.xctest */,
			);
			name = Products;
			sourceTree = "<group>";
		};
		3E736B7E18C8EF070054D01E /* Frameworks */ = {
			isa = PBXGroup;
			children = (
				3E736B7F18C8EF070054D01E /* Foundation.framework */,
				3E736B8118C8EF070054D01E /* CoreGraphics.framework */,
				3E736B8318C8EF070054D01E /* UIKit.framework */,
				3E736B9E18C8EF070054D01E /* XCTest.framework */,
			);
			name = Frameworks;
			sourceTree = "<group>";
		};
		3E736B8518C8EF070054D01E /* TableViewBeyondBasics */ = {
			isa = PBXGroup;
			children = (
				3E736BB718C8EF760054D01E /* Movie.h */,
				3E736BB818C8EF760054D01E /* Movie.m */,
				18DD5F6F1AC4FBC600C620F6 /* Theater.h */,
				18DD5F701AC4FBC600C620F6 /* Theater.m */,
				18DD5F721AC6267500C620F6 /* MoviesAtTheater.h */,
				18DD5F731AC6267500C620F6 /* MoviesAtTheater.m */,
				3E736BB918C8EF760054D01E /* DownloadAssistant.m */,
				3E736BBA18C8EF760054D01E /* DownloadAssistant.h */,
				3E736BBB18C8EF760054D01E /* MoviesTableViewController.h */,
				3E736BBC18C8EF760054D01E /* MoviesTableViewController.m */,
				3E736BB418C8EF600054D01E /* MoviesDataSource.h */,
				3E736BB518C8EF600054D01E /* MoviesDataSource.m */,
				18DD5F6C1AC4FB9500C620F6 /* TheatersDataSource.h */,
				18DD5F6D1AC4FB9500C620F6 /* TheatersDataSource.m */,
				18DD5F661AC4F9EC00C620F6 /* TheatersTableViewController.h */,
				18DD5F671AC4F9EC00C620F6 /* TheatersTableViewController.m */,
				3E736B8E18C8EF070054D01E /* AppDelegate.h */,
				3E736B8F18C8EF070054D01E /* AppDelegate.m */,
				3E736B9118C8EF070054D01E /* Main.storyboard */,
				3E736B9418C8EF070054D01E /* ViewController.h */,
				3E736B9518C8EF070054D01E /* ViewController.m */,
				3E736B9718C8EF070054D01E /* Images.xcassets */,
				3E736B8618C8EF070054D01E /* Supporting Files */,
			);
			path = TableViewBeyondBasics;
			sourceTree = "<group>";
		};
		3E736B8618C8EF070054D01E /* Supporting Files */ = {
			isa = PBXGroup;
			children = (
				3E736B8718C8EF070054D01E /* TableViewBeyondBasics-Info.plist */,
				3E736B8818C8EF070054D01E /* InfoPlist.strings */,
				3E736B8B18C8EF070054D01E /* main.m */,
				3E736B8D18C8EF070054D01E /* TableViewBeyondBasics-Prefix.pch */,
			);
			name = "Supporting Files";
			sourceTree = "<group>";
		};
		3E736BA418C8EF070054D01E /* TableViewBeyondBasicsTests */ = {
			isa = PBXGroup;
			children = (
				3E736BAA18C8EF070054D01E /* TableViewBeyondBasicsTests.m */,
				3E736BA518C8EF070054D01E /* Supporting Files */,
			);
			path = TableViewBeyondBasicsTests;
			sourceTree = "<group>";
		};
		3E736BA518C8EF070054D01E /* Supporting Files */ = {
			isa = PBXGroup;
			children = (
				3E736BA618C8EF070054D01E /* TableViewBeyondBasicsTests-Info.plist */,
				3E736BA718C8EF070054D01E /* InfoPlist.strings */,
			);
			name = "Supporting Files";
			sourceTree = "<group>";
		};
/* End PBXGroup section */

/* Begin PBXNativeTarget section */
		3E736B7B18C8EF070054D01E /* TableViewBeyondBasics */ = {
			isa = PBXNativeTarget;
			buildConfigurationList = 3E736BAE18C8EF070054D01E /* Build configuration list for PBXNativeTarget "TableViewBeyondBasics" */;
			buildPhases = (
				3E736B7818C8EF070054D01E /* Sources */,
				3E736B7918C8EF070054D01E /* Frameworks */,
				3E736B7A18C8EF070054D01E /* Resources */,
			);
			buildRules = (
			);
			dependencies = (
			);
			name = TableViewBeyondBasics;
			productName = TableViewBeyondBasics;
			productReference = 3E736B7C18C8EF070054D01E /* TableViewBeyondBasics.app */;
			productType = "com.apple.product-type.application";
		};
		3E736B9C18C8EF070054D01E /* TableViewBeyondBasicsTests */ = {
			isa = PBXNativeTarget;
			buildConfigurationList = 3E736BB118C8EF070054D01E /* Build configuration list for PBXNativeTarget "TableViewBeyondBasicsTests" */;
			buildPhases = (
				3E736B9918C8EF070054D01E /* Sources */,
				3E736B9A18C8EF070054D01E /* Frameworks */,
				3E736B9B18C8EF070054D01E /* Resources */,
			);
			buildRules = (
			);
			dependencies = (
				3E736BA318C8EF070054D01E /* PBXTargetDependency */,
			);
			name = TableViewBeyondBasicsTests;
			productName = TableViewBeyondBasicsTests;
			productReference = 3E736B9D18C8EF070054D01E /* TableViewBeyondBasicsTests.xctest */;
			productType = "com.apple.product-type.bundle.unit-test";
		};
/* End PBXNativeTarget section */

/* Begin PBXProject section */
		3E736B7418C8EF070054D01E /* Project object */ = {
			isa = PBXProject;
			attributes = {
				LastUpgradeCheck = 0600;
				ORGANIZATIONNAME = "Ali Kooshesh";
				TargetAttributes = {
					3E736B9C18C8EF070054D01E = {
						TestTargetID = 3E736B7B18C8EF070054D01E;
					};
				};
			};
			buildConfigurationList = 3E736B7718C8EF070054D01E /* Build configuration list for PBXProject "TableViewBeyondBasics" */;
			compatibilityVersion = "Xcode 3.2";
			developmentRegion = English;
			hasScannedForEncodings = 0;
			knownRegions = (
				en,
				Base,
			);
			mainGroup = 3E736B7318C8EF070054D01E;
			productRefGroup = 3E736B7D18C8EF070054D01E /* Products */;
			projectDirPath = "";
			projectRoot = "";
			targets = (
				3E736B7B18C8EF070054D01E /* TableViewBeyondBasics */,
				3E736B9C18C8EF070054D01E /* TableViewBeyondBasicsTests */,
			);
		};
/* End PBXProject section */

/* Begin PBXResourcesBuildPhase section */
		3E736B7A18C8EF070054D01E /* Resources */ = {
			isa = PBXResourcesBuildPhase;
			buildActionMask = 2147483647;
			files = (
				3E736B9818C8EF070054D01E /* Images.xcassets in Resources */,
				3E736B8A18C8EF070054D01E /* InfoPlist.strings in Resources */,
				3E736B9318C8EF070054D01E /* Main.storyboard in Resources */,
			);
			runOnlyForDeploymentPostprocessing = 0;
		};
		3E736B9B18C8EF070054D01E /* Resources */ = {
			isa = PBXResourcesBuildPhase;
			buildActionMask = 2147483647;
			files = (
				3E736BA918C8EF070054D01E /* InfoPlist.strings in Resources */,
			);
			runOnlyForDeploymentPostprocessing = 0;
		};
/* End PBXResourcesBuildPhase section */

/* Begin PBXSourcesBuildPhase section */
		3E736B7818C8EF070054D01E /* Sources */ = {
			isa = PBXSourcesBuildPhase;
			buildActionMask = 2147483647;
			files = (
				3E736B9618C8EF070054D01E /* ViewController.m in Sources */,
				18DD5F681AC4F9EC00C620F6 /* TheatersTableViewController.m in Sources */,
				3E736B9018C8EF070054D01E /* AppDelegate.m in Sources */,
				3E736BBF18C8EF760054D01E /* MoviesTableViewController.m in Sources */,
				18DD5F6E1AC4FB9500C620F6 /* TheatersDataSource.m in Sources */,
				18DD5F741AC6267500C620F6 /* MoviesAtTheater.m in Sources */,
				18DD5F711AC4FBC600C620F6 /* Theater.m in Sources */,
				3E736BBE18C8EF760054D01E /* DownloadAssistant.m in Sources */,
				3E736BBD18C8EF760054D01E /* Movie.m in Sources */,
				3E736B8C18C8EF070054D01E /* main.m in Sources */,
				3E736BB618C8EF600054D01E /* MoviesDataSource.m in Sources */,
			);
			runOnlyForDeploymentPostprocessing = 0;
		};
		3E736B9918C8EF070054D01E /* Sources */ = {
			isa = PBXSourcesBuildPhase;
			buildActionMask = 2147483647;
			files = (
				3E736BAB18C8EF070054D01E /* TableViewBeyondBasicsTests.m in Sources */,
			);
			runOnlyForDeploymentPostprocessing = 0;
		};
/* End PBXSourcesBuildPhase section */

/* Begin PBXTargetDependency section */
		3E736BA318C8EF070054D01E /* PBXTargetDependency */ = {
			isa = PBXTargetDependency;
			target = 3E736B7B18C8EF070054D01E /* TableViewBeyondBasics */;
			targetProxy = 3E736BA218C8EF070054D01E /* PBXContainerItemProxy */;
		};
/* End PBXTargetDependency section */

/* Begin PBXVariantGroup section */
		3E736B8818C8EF070054D01E /* InfoPlist.strings */ = {
			isa = PBXVariantGroup;
			children = (
				3E736B8918C8EF070054D01E /* en */,
			);
			name = InfoPlist.strings;
			sourceTree = "<group>";
		};
		3E736B9118C8EF070054D01E /* Main.storyboard */ = {
			isa = PBXVariantGroup;
			children = (
				3E736B9218C8EF070054D01E /* Base */,
			);
			name = Main.storyboard;
			sourceTree = "<group>";
		};
		3E736BA718C8EF070054D01E /* InfoPlist.strings */ = {
			isa = PBXVariantGroup;
			children = (
				3E736BA818C8EF070054D01E /* en */,
			);
			name = InfoPlist.strings;
			sourceTree = "<group>";
		};
/* End PBXVariantGroup section */

/* Begin XCBuildConfiguration section */
		3E736BAC18C8EF070054D01E /* Debug */ = {
			isa = XCBuildConfiguration;
			buildSettings = {
				ALWAYS_SEARCH_USER_PATHS = NO;
				CLANG_CXX_LANGUAGE_STANDARD = "gnu++0x";
				CLANG_CXX_LIBRARY = "libc++";
				CLANG_ENABLE_MODULES = YES;
				CLANG_ENABLE_OBJC_ARC = YES;
				CLANG_WARN_BOOL_CONVERSION = YES;
				CLANG_WARN_CONSTANT_CONVERSION = YES;
				CLANG_WARN_DIRECT_OBJC_ISA_USAGE = YES_ERROR;
				CLANG_WARN_EMPTY_BODY = YES;
				CLANG_WARN_ENUM_CONVERSION = YES;
				CLANG_WARN_INT_CONVERSION = YES;
				CLANG_WARN_OBJC_ROOT_CLASS = YES_ERROR;
				CLANG_WARN__DUPLICATE_METHOD_MATCH = YES;
				"CODE_SIGN_IDENTITY[sdk=iphoneos*]" = "iPhone Developer";
				COPY_PHASE_STRIP = NO;
				GCC_C_LANGUAGE_STANDARD = gnu99;
				GCC_DYNAMIC_NO_PIC = NO;
				GCC_OPTIMIZATION_LEVEL = 0;
				GCC_PREPROCESSOR_DEFINITIONS = (
					"DEBUG=1",
					"$(inherited)",
				);
				GCC_SYMBOLS_PRIVATE_EXTERN = NO;
				GCC_WARN_64_TO_32_BIT_CONVERSION = YES;
				GCC_WARN_ABOUT_RETURN_TYPE = YES_ERROR;
				GCC_WARN_UNDECLARED_SELECTOR = YES;
				GCC_WARN_UNINITIALIZED_AUTOS = YES;
				GCC_WARN_UNUSED_FUNCTION = YES;
				GCC_WARN_UNUSED_VARIABLE = YES;
				IPHONEOS_DEPLOYMENT_TARGET = 7.0;
				ONLY_ACTIVE_ARCH = YES;
				SDKROOT = iphoneos;
			};
			name = Debug;
		};
		3E736BAD18C8EF070054D01E /* Release */ = {
			isa = XCBuildConfiguration;
			buildSettings = {
				ALWAYS_SEARCH_USER_PATHS = NO;
				CLANG_CXX_LANGUAGE_STANDARD = "gnu++0x";
				CLANG_CXX_LIBRARY = "libc++";
				CLANG_ENABLE_MODULES = YES;
				CLANG_ENABLE_OBJC_ARC = YES;
				CLANG_WARN_BOOL_CONVERSION = YES;
				CLANG_WARN_CONSTANT_CONVERSION = YES;
				CLANG_WARN_DIRECT_OBJC_ISA_USAGE = YES_ERROR;
				CLANG_WARN_EMPTY_BODY = YES;
				CLANG_WARN_ENUM_CONVERSION = YES;
				CLANG_WARN_INT_CONVERSION = YES;
				CLANG_WARN_OBJC_ROOT_CLASS = YES_ERROR;
				CLANG_WARN__DUPLICATE_METHOD_MATCH = YES;
				"CODE_SIGN_IDENTITY[sdk=iphoneos*]" = "iPhone Developer";
				COPY_PHASE_STRIP = YES;
				ENABLE_NS_ASSERTIONS = NO;
				GCC_C_LANGUAGE_STANDARD = gnu99;
				GCC_WARN_64_TO_32_BIT_CONVERSION = YES;
				GCC_WARN_ABOUT_RETURN_TYPE = YES_ERROR;
				GCC_WARN_UNDECLARED_SELECTOR = YES;
				GCC_WARN_UNINITIALIZED_AUTOS = YES;
				GCC_WARN_UNUSED_FUNCTION = YES;
				GCC_WARN_UNUSED_VARIABLE = YES;
				IPHONEOS_DEPLOYMENT_TARGET = 7.0;
				SDKROOT = iphoneos;
				VALIDATE_PRODUCT = YES;
			};
			name = Release;
		};
		3E736BAF18C8EF070054D01E /* Debug */ = {
			isa = XCBuildConfiguration;
			buildSettings = {
				ASSETCATALOG_COMPILER_APPICON_NAME = AppIcon;
				ASSETCATALOG_COMPILER_LAUNCHIMAGE_NAME = LaunchImage;
				GCC_PRECOMPILE_PREFIX_HEADER = YES;
				GCC_PREFIX_HEADER = "TableViewBeyondBasics/TableViewBeyondBasics-Prefix.pch";
				INFOPLIST_FILE = "TableViewBeyondBasics/TableViewBeyondBasics-Info.plist";
				PRODUCT_NAME = "$(TARGET_NAME)";
				WRAPPER_EXTENSION = app;
			};
			name = Debug;
		};
		3E736BB018C8EF070054D01E /* Release */ = {
			isa = XCBuildConfiguration;
			buildSettings = {
				ASSETCATALOG_COMPILER_APPICON_NAME = AppIcon;
				ASSETCATALOG_COMPILER_LAUNCHIMAGE_NAME = LaunchImage;
				GCC_PRECOMPILE_PREFIX_HEADER = YES;
				GCC_PREFIX_HEADER = "TableViewBeyondBasics/TableViewBeyondBasics-Prefix.pch";
				INFOPLIST_FILE = "TableViewBeyondBasics/TableViewBeyondBasics-Info.plist";
				PRODUCT_NAME = "$(TARGET_NAME)";
				WRAPPER_EXTENSION = app;
			};
			name = Release;
		};
		3E736BB218C8EF070054D01E /* Debug */ = {
			isa = XCBuildConfiguration;
			buildSettings = {
				BUNDLE_LOADER = "$(BUILT_PRODUCTS_DIR)/TableViewBeyondBasics.app/TableViewBeyondBasics";
				FRAMEWORK_SEARCH_PATHS = (
					"$(SDKROOT)/Developer/Library/Frameworks",
					"$(inherited)",
					"$(DEVELOPER_FRAMEWORKS_DIR)",
				);
				GCC_PRECOMPILE_PREFIX_HEADER = YES;
				GCC_PREFIX_HEADER = "TableViewBeyondBasics/TableViewBeyondBasics-Prefix.pch";
				GCC_PREPROCESSOR_DEFINITIONS = (
					"DEBUG=1",
					"$(inherited)",
				);
				INFOPLIST_FILE = "TableViewBeyondBasicsTests/TableViewBeyondBasicsTests-Info.plist";
				PRODUCT_NAME = "$(TARGET_NAME)";
				TEST_HOST = "$(BUNDLE_LOADER)";
				WRAPPER_EXTENSION = xctest;
			};
			name = Debug;
		};
		3E736BB318C8EF070054D01E /* Release */ = {
			isa = XCBuildConfiguration;
			buildSettings = {
				BUNDLE_LOADER = "$(BUILT_PRODUCTS_DIR)/TableViewBeyondBasics.app/TableViewBeyondBasics";
				FRAMEWORK_SEARCH_PATHS = (
					"$(SDKROOT)/Developer/Library/Frameworks",
					"$(inherited)",
					"$(DEVELOPER_FRAMEWORKS_DIR)",
				);
				GCC_PRECOMPILE_PREFIX_HEADER = YES;
				GCC_PREFIX_HEADER = "TableViewBeyondBasics/TableViewBeyondBasics-Prefix.pch";
				INFOPLIST_FILE = "TableViewBeyondBasicsTests/TableViewBeyondBasicsTests-Info.plist";
				PRODUCT_NAME = "$(TARGET_NAME)";
				TEST_HOST = "$(BUNDLE_LOADER)";
				WRAPPER_EXTENSION = xctest;
			};
			name = Release;
		};
/* End XCBuildConfiguration section */

/* Begin XCConfigurationList section */
		3E736B7718C8EF070054D01E /* Build configuration list for PBXProject "TableViewBeyondBasics" */ = {
			isa = XCConfigurationList;
			buildConfigurations = (
				3E736BAC18C8EF070054D01E /* Debug */,
				3E736BAD18C8EF070054D01E /* Release */,
			);
			defaultConfigurationIsVisible = 0;
			defaultConfigurationName = Release;
		};
		3E736BAE18C8EF070054D01E /* Build configuration list for PBXNativeTarget "TableViewBeyondBasics" */ = {
			isa = XCConfigurationList;
			buildConfigurations = (
				3E736BAF18C8EF070054D01E /* Debug */,
				3E736BB018C8EF070054D01E /* Release */,
			);
			defaultConfigurationIsVisible = 0;
			defaultConfigurationName = Release;
		};
		3E736BB118C8EF070054D01E /* Build configuration list for PBXNativeTarget "TableViewBeyondBasicsTests" */ = {
			isa = XCConfigurationList;
			buildConfigurations = (
				3E736BB218C8EF070054D01E /* Debug */,
				3E736BB318C8EF070054D01E /* Release */,
			);
			defaultConfigurationIsVisible = 0;
			defaultConfigurationName = Release;
		};
/* End XCConfigurationList section */
	};
	rootObject = 3E736B7418C8EF070054D01E /* Project object */;
}
